
Microsoft Visual Studio Solution File, Format Version 12.00
# Visual Studio Version 16
VisualStudioVersion = 16.0.31624.102
MinimumVisualStudioVersion = 10.0.40219.1
Project("{FAE04EC0-301F-11D3-BF4B-00C04F79EFBC}") = "FinanceManager.UWP", "FinanceManager\FinanceManager.UWP\FinanceManager.UWP.csproj", "{B9F5C2E3-6F95-4B14-A0BF-4483C219CBAC}"
EndProject
Project("{FAE04EC0-301F-11D3-BF4B-00C04F79EFBC}") = "FinanceManager.Android", "FinanceManager\FinanceManager.Android\FinanceManager.Android.csproj", "{30206995-5682-4F47-BEFC-09540FD2A7B6}"
EndProject
Project("{FAE04EC0-301F-11D3-BF4B-00C04F79EFBC}") = "FinanceManager.iOS", "FinanceManager\FinanceManager.iOS\FinanceManager.iOS.csproj", "{DEBDD0B7-1C68-4A97-BB81-E69A338D63C3}"
EndProject
Project("{FAE04EC0-301F-11D3-BF4B-00C04F79EFBC}") = "FinanceManager", "FinanceManager\FinanceManager\FinanceManager.csproj", "{7B1E639E-4ACB-42E6-B12A-B38ADE2E26AE}"
EndProject
Global
	GlobalSection(SolutionConfigurationPlatforms) = preSolution
		Debug|Any CPU = Debug|Any CPU
		Debug|ARM = Debug|ARM
		Debug|iPhone = Debug|iPhone
		Debug|iPhoneSimulator = Debug|iPhoneSimulator
		Debug|x64 = Debug|x64
		Debug|x86 = Debug|x86
		Release|Any CPU = Release|Any CPU
		Release|ARM = Release|ARM
		Release|iPhone = Release|iPhone
		Release|iPhoneSimulator = Release|iPhoneSimulator
		Release|x64 = Release|x64
		Release|x86 = Release|x86
	EndGlobalSection
	GlobalSection(ProjectConfigurationPlatforms) = postSolution
		{B9F5C2E3-6F95-4B14-A0BF-4483C219CBAC}.Debug|Any CPU.ActiveCfg = Debug|x86
		{B9F5C2E3-6F95-4B14-A0BF-4483C219CBAC}.Debug|Any CPU.Build.0 = Debug|x86
		{B9F5C2E3-6F95-4B14-A0BF-4483C219CBAC}.Debug|Any CPU.Deploy.0 = Debug|x86
		{B9F5C2E3-6F95-4B14-A0BF-4483C219CBAC}.Debug|ARM.ActiveCfg = Debug|ARM
		{B9F5C2E3-6F95-4B14-A0BF-4483C219CBAC}.Debug|ARM.Build.0 = Debug|ARM
		{B9F5C2E3-6F95-4B14-A0BF-4483C219CBAC}.Debug|ARM.Deploy.0 = Debug|ARM
		{B9F5C2E3-6F95-4B14-A0BF-4483C219CBAC}.Debug|iPhone.ActiveCfg = Debug|x86
		{B9F5C2E3-6F95-4B14-A0BF-4483C219CBAC}.Debug|iPhone.Build.0 = Debug|x86
		{B9F5C2E3-6F95-4B14-A0BF-4483C219CBAC}.Debug|iPhone.Deploy.0 = Debug|x86
		{B9F5C2E3-6F95-4B14-A0BF-4483C219CBAC}.Debug|iPhoneSimulator.ActiveCfg = Debug|x86
		{B9F5C2E3-6F95-4B14-A0BF-4483C219CBAC}.Debug|iPhoneSimulator.Build.0 = Debug|x86
		{B9F5C2E3-6F95-4B14-A0BF-4483C219CBAC}.Debug|iPhoneSimulator.Deploy.0 = Debug|x86
		{B9F5C2E3-6F95-4B14-A0BF-4483C219CBAC}.Debug|x64.ActiveCfg = Debug|x64
		{B9F5C2E3-6F95-4B14-A0BF-4483C219CBAC}.Debug|x64.Build.0 = Debug|x64
		{B9F5C2E3-6F95-4B14-A0BF-4483C219CBAC}.Debug|x64.Deploy.0 = Debug|x64
		{B9F5C2E3-6F95-4B14-A0BF-4483C219CBAC}.Debug|x86.ActiveCfg = Debug|x86
		{B9F5C2E3-6F95-4B14-A0BF-4483C219CBAC}.Debug|x86.Build.0 = Debug|x86
		{B9F5C2E3-6F95-4B14-A0BF-4483C219CBAC}.Debug|x86.Deploy.0 = Debug|x86
		{B9F5C2E3-6F95-4B14-A0BF-4483C219CBAC}.Release|Any CPU.ActiveCfg = Release|x86
		{B9F5C2E3-6F95-4B14-A0BF-4483C219CBAC}.Release|Any CPU.Build.0 = Release|x86
		{B9F5C2E3-6F95-4B14-A0BF-4483C219CBAC}.Release|Any CPU.Deploy.0 = Release|x86
		{B9F5C2E3-6F95-4B14-A0BF-4483C219CBAC}.Release|ARM.ActiveCfg = Release|ARM
		{B9F5C2E3-6F95-4B14-A0BF-4483C219CBAC}.Release|ARM.Build.0 = Release|ARM
		{B9F5C2E3-6F95-4B14-A0BF-4483C219CBAC}.Release|ARM.Deploy.0 = Release|ARM
		{B9F5C2E3-6F95-4B14-A0BF-4483C219CBAC}.Release|iPhone.ActiveCfg = Release|x86
		{B9F5C2E3-6F95-4B14-A0BF-4483C219CBAC}.Release|iPhone.Build.0 = Release|x86
		{B9F5C2E3-6F95-4B14-A0BF-4483C219CBAC}.Release|iPhone.Deploy.0 = Release|x86
		{B9F5C2E3-6F95-4B14-A0BF-4483C219CBAC}.Release|iPhoneSimulator.ActiveCfg = Release|x86
		{B9F5C2E3-6F95-4B14-A0BF-4483C219CBAC}.Release|iPhoneSimulator.Build.0 = Release|x86
		{B9F5C2E3-6F95-4B14-A0BF-4483C219CBAC}.Release|iPhoneSimulator.Deploy.0 = Release|x86
		{B9F5C2E3-6F95-4B14-A0BF-4483C219CBAC}.Release|x64.ActiveCfg = Release|x64
		{B9F5C2E3-6F95-4B14-A0BF-4483C219CBAC}.Release|x64.Build.0 = Release|x64
		{B9F5C2E3-6F95-4B14-A0BF-4483C219CBAC}.Release|x64.Deploy.0 = Release|x64
		{B9F5C2E3-6F95-4B14-A0BF-4483C219CBAC}.Release|x86.ActiveCfg = Release|x86
		{B9F5C2E3-6F95-4B14-A0BF-4483C219CBAC}.Release|x86.Build.0 = Release|x86
		{B9F5C2E3-6F95-4B14-A0BF-4483C219CBAC}.Release|x86.Deploy.0 = Release|x86
		{30206995-5682-4F47-BEFC-09540FD2A7B6}.Debug|Any CPU.ActiveCfg = Debug|Any CPU
		{30206995-5682-4F47-BEFC-09540FD2A7B6}.Debug|Any CPU.Build.0 = Debug|Any CPU
		{30206995-5682-4F47-BEFC-09540FD2A7B6}.Debug|Any CPU.Deploy.0 = Debug|Any CPU
		{30206995-5682-4F47-BEFC-09540FD2A7B6}.Debug|ARM.ActiveCfg = Debug|Any CPU
		{30206995-5682-4F47-BEFC-09540FD2A7B6}.Debug|ARM.Build.0 = Debug|Any CPU
		{30206995-5682-4F47-BEFC-09540FD2A7B6}.Debug|ARM.Deploy.0 = Debug|Any CPU
		{30206995-5682-4F47-BEFC-09540FD2A7B6}.Debug|iPhone.ActiveCfg = Debug|Any CPU
		{30206995-5682-4F47-BEFC-09540FD2A7B6}.Debug|iPhone.Build.0 = Debug|Any CPU
		{30206995-5682-4F47-BEFC-09540FD2A7B6}.Debug|iPhone.Deploy.0 = Debug|Any CPU
		{30206995-5682-4F47-BEFC-09540FD2A7B6}.Debug|iPhoneSimulator.ActiveCfg = Debug|Any CPU
		{30206995-5682-4F47-BEFC-09540FD2A7B6}.Debug|iPhoneSimulator.Build.0 = Debug|Any CPU
		{30206995-5682-4F47-BEFC-09540FD2A7B6}.Debug|iPhoneSimulator.Deploy.0 = Debug|Any CPU
		{30206995-5682-4F47-BEFC-09540FD2A7B6}.Debug|x64.ActiveCfg = Debug|Any CPU
		{30206995-5682-4F47-BEFC-09540FD2A7B6}.Debug|x64.Build.0 = Debug|Any CPU
		{30206995-5682-4F47-BEFC-09540FD2A7B6}.Debug|x64.Deploy.0 = Debug|Any CPU
		{30206995-5682-4F47-BEFC-09540FD2A7B6}.Debug|x86.ActiveCfg = Debug|Any CPU
		{30206995-5682-4F47-BEFC-09540FD2A7B6}.Debug|x86.Build.0 = Debug|Any CPU
		{30206995-5682-4F47-BEFC-09540FD2A7B6}.Debug|x86.Deploy.0 = Debug|Any CPU
		{30206995-5682-4F47-BEFC-09540FD2A7B6}.Release|Any CPU.ActiveCfg = Release|Any CPU
		{30206995-5682-4F47-BEFC-09540FD2A7B6}.Release|Any CPU.Build.0 = Release|Any CPU
		{30206995-5682-4F47-BEFC-09540FD2A7B6}.Release|Any CPU.Deploy.0 = Release|Any CPU
		{30206995-5682-4F47-BEFC-09540FD2A7B6}.Release|ARM.ActiveCfg = Release|Any CPU
		{30206995-5682-4F47-BEFC-09540FD2A7B6}.Release|ARM.Build.0 = Release|Any CPU
		{30206995-5682-4F47-BEFC-09540FD2A7B6}.Release|ARM.Deploy.0 = Release|Any CPU
		{30206995-5682-4F47-BEFC-09540FD2A7B6}.Release|iPhone.ActiveCfg = Release|Any CPU
		{30206995-5682-4F47-BEFC-09540FD2A7B6}.Release|iPhone.Build.0 = Release|Any CPU
		{30206995-5682-4F47-BEFC-09540FD2A7B6}.Release|iPhone.Deploy.0 = Release|Any CPU
		{30206995-5682-4F47-BEFC-09540FD2A7B6}.Release|iPhoneSimulator.ActiveCfg = Release|Any CPU
		{30206995-5682-4F47-BEFC-09540FD2A7B6}.Release|iPhoneSimulator.Build.0 = Release|Any CPU
		{30206995-5682-4F47-BEFC-09540FD2A7B6}.Release|iPhoneSimulator.Deploy.0 = Release|Any CPU
		{30206995-5682-4F47-BEFC-09540FD2A7B6}.Release|x64.ActiveCfg = Release|Any CPU
		{30206995-5682-4F47-BEFC-09540FD2A7B6}.Release|x64.Build.0 = Release|Any CPU
		{30206995-5682-4F47-BEFC-09540FD2A7B6}.Release|x64.Deploy.0 = Release|Any CPU
		{30206995-5682-4F47-BEFC-09540FD2A7B6}.Release|x86.ActiveCfg = Release|Any CPU
		{30206995-5682-4F47-BEFC-09540FD2A7B6}.Release|x86.Build.0 = Release|Any CPU
		{30206995-5682-4F47-BEFC-09540FD2A7B6}.Release|x86.Deploy.0 = Release|Any CPU
		{DEBDD0B7-1C68-4A97-BB81-E69A338D63C3}.Debug|Any CPU.ActiveCfg = Debug|iPhoneSimulator
		{DEBDD0B7-1C68-4A97-BB81-E69A338D63C3}.Debug|Any CPU.Build.0 = Debug|iPhoneSimulator
		{DEBDD0B7-1C68-4A97-BB81-E69A338D63C3}.Debug|Any CPU.Deploy.0 = Debug|iPhoneSimulator
		{DEBDD0B7-1C68-4A97-BB81-E69A338D63C3}.Debug|ARM.ActiveCfg = Debug|iPhone
		{DEBDD0B7-1C68-4A97-BB81-E69A338D63C3}.Debug|ARM.Build.0 = Debug|iPhone
		{DEBDD0B7-1C68-4A97-BB81-E69A338D63C3}.Debug|ARM.Deploy.0 = Debug|iPhone
		{DEBDD0B7-1C68-4A97-BB81-E69A338D63C3}.Debug|iPhone.ActiveCfg = Debug|iPhone
		{DEBDD0B7-1C68-4A97-BB81-E69A338D63C3}.Debug|iPhone.Build.0 = Debug|iPhone
		{DEBDD0B7-1C68-4A97-BB81-E69A338D63C3}.Debug|iPhone.Deploy.0 = Debug|iPhone
		{DEBDD0B7-1C68-4A97-BB81-E69A338D63C3}.Debug|iPhoneSimulator.ActiveCfg = Debug|iPhoneSimulator
		{DEBDD0B7-1C68-4A97-BB81-E69A338D63C3}.Debug|iPhoneSimulator.Build.0 = Debug|iPhoneSimulator
		{DEBDD0B7-1C68-4A97-BB81-E69A338D63C3}.Debug|iPhoneSimulator.Deploy.0 = Debug|iPhoneSimulator
		{DEBDD0B7-1C68-4A97-BB81-E69A338D63C3}.Debug|x64.ActiveCfg = Debug|iPhoneSimulator
		{DEBDD0B7-1C68-4A97-BB81-E69A338D63C3}.Debug|x64.Build.0 = Debug|iPhoneSimulator
		{DEBDD0B7-1C68-4A97-BB81-E69A338D63C3}.Debug|x64.Deploy.0 = Debug|iPhoneSimulator
		{DEBDD0B7-1C68-4A97-BB81-E69A338D63C3}.Debug|x86.ActiveCfg = Debug|iPhoneSimulator
		{DEBDD0B7-1C68-4A97-BB81-E69A338D63C3}.Debug|x86.Build.0 = Debug|iPhoneSimulator
		{DEBDD0B7-1C68-4A97-BB81-E69A338D63C3}.Debug|x86.Deploy.0 = Debug|iPhoneSimulator
		{DEBDD0B7-1C68-4A97-BB81-E69A338D63C3}.Release|Any CPU.ActiveCfg = Release|iPhoneSimulator
		{DEBDD0B7-1C68-4A97-BB81-E69A338D63C3}.Release|Any CPU.Build.0 = Release|iPhoneSimulator
		{DEBDD0B7-1C68-4A97-BB81-E69A338D63C3}.Release|Any CPU.Deploy.0 = Release|iPhoneSimulator
		{DEBDD0B7-1C68-4A97-BB81-E69A338D63C3}.Release|ARM.ActiveCfg = Release|iPhoneSimulator
		{DEBDD0B7-1C68-4A97-BB81-E69A338D63C3}.Release|ARM.Build.0 = Release|iPhoneSimulator
		{DEBDD0B7-1C68-4A97-BB81-E69A338D63C3}.Release|ARM.Deploy.0 = Release|iPhoneSimulator
		{DEBDD0B7-1C68-4A97-BB81-E69A338D63C3}.Release|iPhone.ActiveCfg = Release|iPhone
		{DEBDD0B7-1C68-4A97-BB81-E69A338D63C3}.Release|iPhone.Build.0 = Release|iPhone
		{DEBDD0B7-1C68-4A97-BB81-E69A338D63C3}.Release|iPhone.Deploy.0 = Release|iPhone
		{DEBDD0B7-1C68-4A97-BB81-E69A338D63C3}.Release|iPhoneSimulator.ActiveCfg = Release|iPhoneSimulator
		{DEBDD0B7-1C68-4A97-BB81-E69A338D63C3}.Release|iPhoneSimulator.Build.0 = Release|iPhoneSimulator
		{DEBDD0B7-1C68-4A97-BB81-E69A338D63C3}.Release|iPhoneSimulator.Deploy.0 = Release|iPhoneSimulator
		{DEBDD0B7-1C68-4A97-BB81-E69A338D63C3}.Release|x64.ActiveCfg = Release|iPhoneSimulator
		{DEBDD0B7-1C68-4A97-BB81-E69A338D63C3}.Release|x64.Build.0 = Release|iPhoneSimulator
		{DEBDD0B7-1C68-4A97-BB81-E69A338D63C3}.Release|x64.Deploy.0 = Release|iPhoneSimulator
		{DEBDD0B7-1C68-4A97-BB81-E69A338D63C3}.Release|x86.ActiveCfg = Release|iPhoneSimulator
		{DEBDD0B7-1C68-4A97-BB81-E69A338D63C3}.Release|x86.Build.0 = Release|iPhoneSimulator
		{DEBDD0B7-1C68-4A97-BB81-E69A338D63C3}.Release|x86.Deploy.0 = Release|iPhoneSimulator
		{7B1E639E-4ACB-42E6-B12A-B38ADE2E26AE}.Debug|Any CPU.ActiveCfg = Debug|Any CPU
		{7B1E639E-4ACB-42E6-B12A-B38ADE2E26AE}.Debug|Any CPU.Build.0 = Debug|Any CPU
		{7B1E639E-4ACB-42E6-B12A-B38ADE2E26AE}.Debug|Any CPU.Deploy.0 = Debug|Any CPU
		{7B1E639E-4ACB-42E6-B12A-B38ADE2E26AE}.Debug|ARM.ActiveCfg = Debug|Any CPU
		{7B1E639E-4ACB-42E6-B12A-B38ADE2E26AE}.Debug|ARM.Build.0 = Debug|Any CPU
		{7B1E639E-4ACB-42E6-B12A-B38ADE2E26AE}.Debug|ARM.Deploy.0 = Debug|Any CPU
		{7B1E639E-4ACB-42E6-B12A-B38ADE2E26AE}.Debug|iPhone.ActiveCfg = Debug|Any CPU
		{7B1E639E-4ACB-42E6-B12A-B38ADE2E26AE}.Debug|iPhone.Build.0 = Debug|Any CPU
		{7B1E639E-4ACB-42E6-B12A-B38ADE2E26AE}.Debug|iPhone.Deploy.0 = Debug|Any CPU
		{7B1E639E-4ACB-42E6-B12A-B38ADE2E26AE}.Debug|iPhoneSimulator.ActiveCfg = Debug|Any CPU
		{7B1E639E-4ACB-42E6-B12A-B38ADE2E26AE}.Debug|iPhoneSimulator.Build.0 = Debug|Any CPU
		{7B1E639E-4ACB-42E6-B12A-B38ADE2E26AE}.Debug|iPhoneSimulator.Deploy.0 = Debug|Any CPU
		{7B1E639E-4ACB-42E6-B12A-B38ADE2E26AE}.Debug|x64.ActiveCfg = Debug|Any CPU
		{7B1E639E-4ACB-42E6-B12A-B38ADE2E26AE}.Debug|x64.Build.0 = Debug|Any CPU
		{7B1E639E-4ACB-42E6-B12A-B38ADE2E26AE}.Debug|x64.Deploy.0 = Debug|Any CPU
		{7B1E639E-4ACB-42E6-B12A-B38ADE2E26AE}.Debug|x86.ActiveCfg = Debug|Any CPU
		{7B1E639E-4ACB-42E6-B12A-B38ADE2E26AE}.Debug|x86.Build.0 = Debug|Any CPU
		{7B1E639E-4ACB-42E6-B12A-B38ADE2E26AE}.Debug|x86.Deploy.0 = Debug|Any CPU
		{7B1E639E-4ACB-42E6-B12A-B38ADE2E26AE}.Release|Any CPU.ActiveCfg = Release|Any CPU
		{7B1E639E-4ACB-42E6-B12A-B38ADE2E26AE}.Release|Any CPU.Build.0 = Release|Any CPU
		{7B1E639E-4ACB-42E6-B12A-B38ADE2E26AE}.Release|Any CPU.Deploy.0 = Release|Any CPU
		{7B1E639E-4ACB-42E6-B12A-B38ADE2E26AE}.Release|ARM.ActiveCfg = Release|Any CPU
		{7B1E639E-4ACB-42E6-B12A-B38ADE2E26AE}.Release|ARM.Build.0 = Release|Any CPU
		{7B1E639E-4ACB-42E6-B12A-B38ADE2E26AE}.Release|ARM.Deploy.0 = Release|Any CPU
		{7B1E639E-4ACB-42E6-B12A-B38ADE2E26AE}.Release|iPhone.ActiveCfg = Release|Any CPU
		{7B1E639E-4ACB-42E6-B12A-B38ADE2E26AE}.Release|iPhone.Build.0 = Release|Any CPU
		{7B1E639E-4ACB-42E6-B12A-B38ADE2E26AE}.Release|iPhone.Deploy.0 = Release|Any CPU
		{7B1E639E-4ACB-42E6-B12A-B38ADE2E26AE}.Release|iPhoneSimulator.ActiveCfg = Release|Any CPU
		{7B1E639E-4ACB-42E6-B12A-B38ADE2E26AE}.Release|iPhoneSimulator.Build.0 = Release|Any CPU
		{7B1E639E-4ACB-42E6-B12A-B38ADE2E26AE}.Release|iPhoneSimulator.Deploy.0 = Release|Any CPU
		{7B1E639E-4ACB-42E6-B12A-B38ADE2E26AE}.Release|x64.ActiveCfg = Release|Any CPU
		{7B1E639E-4ACB-42E6-B12A-B38ADE2E26AE}.Release|x64.Build.0 = Release|Any CPU
		{7B1E639E-4ACB-42E6-B12A-B38ADE2E26AE}.Release|x64.Deploy.0 = Release|Any CPU
		{7B1E639E-4ACB-42E6-B12A-B38ADE2E26AE}.Release|x86.ActiveCfg = Release|Any CPU
		{7B1E639E-4ACB-42E6-B12A-B38ADE2E26AE}.Release|x86.Build.0 = Release|Any CPU
		{7B1E639E-4ACB-42E6-B12A-B38ADE2E26AE}.Release|x86.Deploy.0 = Release|Any CPU
	EndGlobalSection
	GlobalSection(SolutionProperties) = preSolution
		HideSolutionNode = FALSE
	EndGlobalSection
	GlobalSection(ExtensibilityGlobals) = postSolution
		SolutionGuid = {9D6E96A7-B911-404C-BBEE-475E26A013F8}
	EndGlobalSection
EndGlobal
